// !$*UTF8*$!
{
	archiveVersion = 1;
	classes = {
	};
	objectVersion = 46;
	objects = {
/* Begin PBXBuildFile section */
		0207DA581B56EA530066E2B4 /* Images.xcassets in Resources */ = {isa = PBXBuildFile; fileRef = 0207DA571B56EA530066E2B4 /* Images.xcassets */; };
		1D3623260D0F684500981E51 /* AppDelegate.m in Sources */ = {isa = PBXBuildFile; fileRef = 1D3623250D0F684500981E51 /* AppDelegate.m */; };
		1D60589B0D05DD56006BFB54 /* main.m in Sources */ = {isa = PBXBuildFile; fileRef = 29B97316FDCFA39411CA2CEA /* main.m */; };
		301BF552109A68D80062928A /* libCordova.a in Frameworks */ = {isa = PBXBuildFile; fileRef = 301BF535109A57CC0062928A /* libCordova.a */; };
		302D95F114D2391D003F00A1 /* MainViewController.m in Sources */ = {isa = PBXBuildFile; fileRef = 302D95EF14D2391D003F00A1 /* MainViewController.m */; };
		302D95F214D2391D003F00A1 /* MainViewController.xib in Resources */ = {isa = PBXBuildFile; fileRef = 302D95F014D2391D003F00A1 /* MainViewController.xib */; };
		3047A5121AB8059700498E2A /* build-debug.xcconfig in Resources */ = {isa = PBXBuildFile; fileRef = 3047A50F1AB8059700498E2A /* build-debug.xcconfig */; };
		3047A5131AB8059700498E2A /* build-release.xcconfig in Resources */ = {isa = PBXBuildFile; fileRef = 3047A5101AB8059700498E2A /* build-release.xcconfig */; };
		3047A5141AB8059700498E2A /* build.xcconfig in Resources */ = {isa = PBXBuildFile; fileRef = 3047A5111AB8059700498E2A /* build.xcconfig */; };
		6AFF5BF91D6E424B00AB3073 /* CDVLaunchScreen.storyboard in Resources */ = {isa = PBXBuildFile; fileRef = 6AFF5BF81D6E424B00AB3073 /* CDVLaunchScreen.storyboard */; };
		7F06B9921E9C4380860C0FC4 /* AppCenterShared.m in Sources */ = {isa = PBXBuildFile; fileRef = E6D3A283E81C4D7194CE8E77 /* AppCenterShared.m */; };
		D2E7BCAF7C9048E7A802E55D /* AppCenterSharedPlugin.m in Sources */ = {isa = PBXBuildFile; fileRef = 2D9CD7732BEE43638E4CDDEA /* AppCenterSharedPlugin.m */; };
		2092E98C5E6949CC9518DC36 /* AppCenterAnalyticsPlugin.m in Sources */ = {isa = PBXBuildFile; fileRef = B6A9940ADAF1469B9067E0DE /* AppCenterAnalyticsPlugin.m */; };
		60803CAAC263442A9F2267FE /* AppCenterCrashesPlugin.m in Sources */ = {isa = PBXBuildFile; fileRef = 6A9881356590481190EC922E /* AppCenterCrashesPlugin.m */; };
		26042C0F754C4CE9BE4093C7 /* CordovaCrashesDelegate.m in Sources */ = {isa = PBXBuildFile; fileRef = 7A8734D4FAA3454EA935C65C /* CordovaCrashesDelegate.m */; };
		D3429346EDB54A7891A7D033 /* CrashesUtils.m in Sources */ = {isa = PBXBuildFile; fileRef = 45A2F73A57C040FE96C6755F /* CrashesUtils.m */; };
		CFDAF41D21A94B3D8C2CCB0A /* APPEmailComposer.m in Sources */ = {isa = PBXBuildFile; fileRef = 3E5015B3BB914E72B578F50B /* APPEmailComposer.m */; };
		A4BC7405F2FD4E1C8669111B /* APPEmailComposerImpl.m in Sources */ = {isa = PBXBuildFile; fileRef = CD8B2BF27B754FABB90B4F45 /* APPEmailComposerImpl.m */; };
		1098B2E647904922B122E3D7 /* MessageUI.framework in Frameworks */ = {isa = PBXBuildFile; fileRef = 83FF6289E0FF42C9905B4A62 /* MessageUI.framework */; };
		6B15F319549E48178324D51A /* CDVSplashScreen.m in Sources */ = {isa = PBXBuildFile; fileRef = 4C0AD8E87E324C91B2E0E510 /* CDVSplashScreen.m */; };
		AD022A765CF24480A060D531 /* CDVViewController+SplashScreen.m in Sources */ = {isa = PBXBuildFile; fileRef = 9DE893597845479F89953977 /* CDVViewController+SplashScreen.m */; };
		85F8471C7AAE4292B1087385 /* CDVSplashScreen+IonicDeploy.m in Sources */ = {isa = PBXBuildFile; fileRef = F5D706A608C74CE6BA2507FC /* CDVSplashScreen+IonicDeploy.m */; };
		C27286BEFBA949F9AE57CCAD /* IonicConstant.m in Sources */ = {isa = PBXBuildFile; fileRef = 4CDCDB53CBFE44A0B4FFEBD9 /* IonicConstant.m */; };
		AEF20F1EFFCC410B8A4F76B6 /* IonicDeploy.m in Sources */ = {isa = PBXBuildFile; fileRef = 4CD991101DC742C5A3C6E4C7 /* IonicDeploy.m */; };
		477EC21420E24B8282A535F0 /* Download.m in Sources */ = {isa = PBXBuildFile; fileRef = 6F8270AE328C4A74823BF71F /* Download.m */; };
		6C30835F0CD14753AEC48657 /* DownloadManager.m in Sources */ = {isa = PBXBuildFile; fileRef = 6D53D244709142AD964DBB20 /* DownloadManager.m */; };
		09F393296ADF4096A4E7E447 /* SSZipArchive.m in Sources */ = {isa = PBXBuildFile; fileRef = D70FB65DF13F41A5B82D8211 /* SSZipArchive.m */; };
		24E664FA14364223AE662220 /* ioapi.c in Resources */ = {isa = PBXBuildFile; fileRef = 076A5B7FDDC64A83A02830AD /* ioapi.c */; };
		0DC06AF702BD4B04BCF9653B /* unzip.c in Resources */ = {isa = PBXBuildFile; fileRef = F4247048574C4C50B814311B /* unzip.c */; };
		2534F54955094837BF799A6D /* zip.c in Resources */ = {isa = PBXBuildFile; fileRef = 74724D0BE3A3467AB930858F /* zip.c */; };
		B8B841E76DC4470CAB1A591B /* adler32.c in Resources */ = {isa = PBXBuildFile; fileRef = 65746D45B9A1438DA444F451 /* adler32.c */; };
		366DE9B3F1064661AFFA655F /* compress.c in Resources */ = {isa = PBXBuildFile; fileRef = 6A4DCCD9D55047C6B02DF410 /* compress.c */; };
		D470CB2C379443318A76086F /* crc32.c in Resources */ = {isa = PBXBuildFile; fileRef = AFD93545E3CD44689E019B21 /* crc32.c */; };
		1420EA17610D429BAD1B98A9 /* deflate.c in Resources */ = {isa = PBXBuildFile; fileRef = 2CC6BCB8931F4462B46FD3D9 /* deflate.c */; };
		E0D2A1DD004046D6BCCF5A76 /* gzclose.c in Resources */ = {isa = PBXBuildFile; fileRef = 6D602D6C07A44C7C8B7772A1 /* gzclose.c */; };
		7CAEFCCF979F45DA9DA4F346 /* gzlib.c in Resources */ = {isa = PBXBuildFile; fileRef = CFACDA0E48A54333A917247B /* gzlib.c */; };
		AF5FD5EEAC2349B695927A93 /* gzread.c in Resources */ = {isa = PBXBuildFile; fileRef = 7EFA4C00212540C2906582E1 /* gzread.c */; };
		1B4E72BD08DF492698670467 /* gzwrite.c in Resources */ = {isa = PBXBuildFile; fileRef = 397EF5D46C884229BB6C20FC /* gzwrite.c */; };
		DA0690B1EA694E98B063A59B /* infback.c in Resources */ = {isa = PBXBuildFile; fileRef = 4270D9CBD35D4FAE9DE74AA1 /* infback.c */; };
		FBC114C90E7545D9A9107B9C /* inffast.c in Resources */ = {isa = PBXBuildFile; fileRef = 0ED7CFCC1EE946829547683A /* inffast.c */; };
		1A5BFA902A264FFD91E75D53 /* inflate.c in Resources */ = {isa = PBXBuildFile; fileRef = 2F55CDA2D29843B8996CEB68 /* inflate.c */; };
		B52E4705AFEB4D8D8FAD8F2E /* inftrees.c in Resources */ = {isa = PBXBuildFile; fileRef = 3F4480C214CF4E16940013A7 /* inftrees.c */; };
		4F0D89A9744D4339AA7568C5 /* trees.c in Resources */ = {isa = PBXBuildFile; fileRef = A59D1F67EC7944E4A9F66496 /* trees.c */; };
		68977EE92B994C1C8ACC7165 /* uncompr.c in Resources */ = {isa = PBXBuildFile; fileRef = 3B91182D92314A7EBF732C33 /* uncompr.c */; };
		D118CE6AC6AD45FCA6689E18 /* zutil.c in Resources */ = {isa = PBXBuildFile; fileRef = 087A3CFD826E4A36B97D320A /* zutil.c */; };
		07F87AC34EDD483AB1C2D369 /* Base64.m in Sources */ = {isa = PBXBuildFile; fileRef = 60E69F4BE1A2435EB624486C /* Base64.m */; };
		E2FF19B227504FC3BE12E330 /* UNIHTTPClientHelper.m in Sources */ = {isa = PBXBuildFile; fileRef = B1339F8D2D4448FBA98E15CF /* UNIHTTPClientHelper.m */; };
		782F886B939C47C99034081B /* UNIHTTPRequest.m in Sources */ = {isa = PBXBuildFile; fileRef = C3EDBD74B0474E6C988AB6B7 /* UNIHTTPRequest.m */; };
		7CCD761F47E5418891F40440 /* UNIHTTPRequestWithBody.m in Sources */ = {isa = PBXBuildFile; fileRef = 115213A3ACD64CAE921C7FD2 /* UNIHTTPRequestWithBody.m */; };
		0D0D93122FAA4D7F89104A80 /* UNIRest.m in Sources */ = {isa = PBXBuildFile; fileRef = DB0FA123D08D48F8BCEFBD8C /* UNIRest.m */; };
		270774F447F84ED4BE6E9896 /* UNIUrlConnection.m in Sources */ = {isa = PBXBuildFile; fileRef = 48C20E1C2DFA4800A80BF89F /* UNIUrlConnection.m */; };
		0305D3AEAD83492FA2DA66BF /* UNIBaseRequest.m in Sources */ = {isa = PBXBuildFile; fileRef = C7CDAB4E6B2C48DEA3EE4198 /* UNIBaseRequest.m */; };
		260E0603E5AB47068FC1F130 /* UNIBodyRequest.m in Sources */ = {isa = PBXBuildFile; fileRef = C939A3B89D9143AE93C41A60 /* UNIBodyRequest.m */; };
		F569AF136AE2430EBAC3F2E8 /* UNISimpleRequest.m in Sources */ = {isa = PBXBuildFile; fileRef = FF17E94B06AE442E9146A7C1 /* UNISimpleRequest.m */; };
		5F4F72866CBA4A7DB18772B2 /* UNIHTTPBinaryResponse.m in Sources */ = {isa = PBXBuildFile; fileRef = 6ED0A9F7050F4D23813B3D90 /* UNIHTTPBinaryResponse.m */; };
		765F58DD6A2D433DBB38F811 /* UNIHTTPJsonResponse.m in Sources */ = {isa = PBXBuildFile; fileRef = E0933CD88EC7448A85F81B10 /* UNIHTTPJsonResponse.m */; };
		7DF0BB75431041BBA690F862 /* UNIHTTPResponse.m in Sources */ = {isa = PBXBuildFile; fileRef = FFEDFE22688142B5B62B0B3F /* UNIHTTPResponse.m */; };
		EB1FE758B5DC465283FB5461 /* UNIHTTPStringResponse.m in Sources */ = {isa = PBXBuildFile; fileRef = 1B369D1A4AF74E89AC9F880F /* UNIHTTPStringResponse.m */; };
		F98B3AF90DB7441AB3CD893C /* UNIJsonNode.m in Sources */ = {isa = PBXBuildFile; fileRef = FD0B264B90BD4E01A7774CAD /* UNIJsonNode.m */; };
		999FF98D70FC400297D2BA54 /* IonicCordovaCommon.m in Sources */ = {isa = PBXBuildFile; fileRef = 6AA85C96114949E7B362D17E /* IonicCordovaCommon.m */; };
		5A34926DEFF74617B705C99E /* SQLitePlugin.m in Sources */ = {isa = PBXBuildFile; fileRef = 9F4E5B7E1C444B5EA1F3D1F3 /* SQLitePlugin.m */; };
		9CC8BC5F27914E28890B7CDC /* PSPDFThreadSafeMutableDictionary.m in Sources */ = {isa = PBXBuildFile; fileRef = 49F0BB282609436385566702 /* PSPDFThreadSafeMutableDictionary.m */; settings = {COMPILER_FLAGS = "-w"; }; };
		CA50091D31784C9088016F3E /* sqlite3.c in Resources */ = {isa = PBXBuildFile; fileRef = 0D49C3D390B14B40A7D2CBCB /* sqlite3.c */; settings = {COMPILER_FLAGS = "-w -DSQLITE_THREADSAFE=1 -DSQLITE_DEFAULT_SYNCHRONOUS=3 -DSQLITE_DEFAULT_MEMSTATUS=0 -DSQLITE_OMIT_DECLTYPE -DSQLITE_OMIT_DEPRECATED -DSQLITE_OMIT_PROGRESS_CALLBACK -DSQLITE_OMIT_SHARED_CACHE -DSQLITE_TEMP_STORE=2 -DSQLITE_OMIT_LOAD_EXTENSION -DSQLITE_ENABLE_FTS3 -DSQLITE_ENABLE_FTS3_PARENTHESIS -DSQLITE_ENABLE_FTS4 -DSQLITE_ENABLE_RTREE -DSQLITE_DEFAULT_PAGE_SIZE=1024 -DSQLITE_DEFAULT_CACHE_SIZE=2000"; }; };
/* End PBXBuildFile section */

/* Begin PBXContainerItemProxy section */
		301BF534109A57CC0062928A /* PBXContainerItemProxy */ = {
			isa = PBXContainerItemProxy;
			containerPortal = 301BF52D109A57CC0062928A /* CordovaLib.xcodeproj */;
			proxyType = 2;
			remoteGlobalIDString = D2AAC07E0554694100DB518D;
			remoteInfo = CordovaLib;
		};
		301BF550109A68C00062928A /* PBXContainerItemProxy */ = {
			isa = PBXContainerItemProxy;
			containerPortal = 301BF52D109A57CC0062928A /* CordovaLib.xcodeproj */;
			proxyType = 1;
			remoteGlobalIDString = D2AAC07D0554694100DB518D;
			remoteInfo = CordovaLib;
		};
/* End PBXContainerItemProxy section */

/* Begin PBXFileReference section */
		0207DA571B56EA530066E2B4 /* Images.xcassets */ = {isa = PBXFileReference; lastKnownFileType = folder.assetcatalog; name = Images.xcassets; path = "gosh/Images.xcassets"; sourceTree = SOURCE_ROOT; };
		1D3623240D0F684500981E51 /* AppDelegate.h */ = {isa = PBXFileReference; fileEncoding = 4; lastKnownFileType = sourcecode.c.h; path = AppDelegate.h; sourceTree = "<group>"; };
		1D3623250D0F684500981E51 /* AppDelegate.m */ = {isa = PBXFileReference; fileEncoding = 4; lastKnownFileType = sourcecode.c.objc; path = AppDelegate.m; sourceTree = "<group>"; };
		1D6058910D05DD3D006BFB54 /* gosh.app */ = {isa = PBXFileReference; explicitFileType = wrapper.application; includeInIndex = 0; path = "gosh.app"; sourceTree = BUILT_PRODUCTS_DIR; };
		29B97316FDCFA39411CA2CEA /* main.m */ = {isa = PBXFileReference; fileEncoding = 4; lastKnownFileType = sourcecode.c.objc; path = main.m; sourceTree = "<group>"; };
		301BF52D109A57CC0062928A /* CordovaLib.xcodeproj */ = {isa = PBXFileReference; lastKnownFileType = "wrapper.pb-project"; path = CordovaLib/CordovaLib.xcodeproj; sourceTree = "<group>"; };
		301BF56E109A69640062928A /* www */ = {isa = PBXFileReference; lastKnownFileType = folder; path = www; sourceTree = SOURCE_ROOT; };
		302D95EE14D2391D003F00A1 /* MainViewController.h */ = {isa = PBXFileReference; fileEncoding = 4; lastKnownFileType = sourcecode.c.h; path = MainViewController.h; sourceTree = "<group>"; };
		302D95EF14D2391D003F00A1 /* MainViewController.m */ = {isa = PBXFileReference; fileEncoding = 4; lastKnownFileType = sourcecode.c.objc; path = MainViewController.m; sourceTree = "<group>"; };
		302D95F014D2391D003F00A1 /* MainViewController.xib */ = {isa = PBXFileReference; fileEncoding = 4; lastKnownFileType = file.xib; path = MainViewController.xib; sourceTree = "<group>"; };
		3047A50F1AB8059700498E2A /* build-debug.xcconfig */ = {isa = PBXFileReference; fileEncoding = 4; lastKnownFileType = text.xcconfig; name = "build-debug.xcconfig"; path = cordova/build-debug.xcconfig; sourceTree = SOURCE_ROOT; };
		3047A5101AB8059700498E2A /* build-release.xcconfig */ = {isa = PBXFileReference; fileEncoding = 4; lastKnownFileType = text.xcconfig; name = "build-release.xcconfig"; path = cordova/build-release.xcconfig; sourceTree = SOURCE_ROOT; };
		3047A5111AB8059700498E2A /* build.xcconfig */ = {isa = PBXFileReference; fileEncoding = 4; lastKnownFileType = text.xcconfig; name = build.xcconfig; path = cordova/build.xcconfig; sourceTree = SOURCE_ROOT; };
		32CA4F630368D1EE00C91783 /* gosh-Prefix.pch */ = {isa = PBXFileReference; fileEncoding = 4; lastKnownFileType = sourcecode.c.h; path = "gosh-Prefix.pch"; sourceTree = "<group>"; };
		6AFF5BF81D6E424B00AB3073 /* CDVLaunchScreen.storyboard */ = {isa = PBXFileReference; fileEncoding = 4; lastKnownFileType = file.storyboard; name = CDVLaunchScreen.storyboard; path = "gosh/CDVLaunchScreen.storyboard"; sourceTree = SOURCE_ROOT; };
		8D1107310486CEB800E47090 /* gosh-Info.plist */ = {isa = PBXFileReference; fileEncoding = 4; lastKnownFileType = text.plist.xml; name = "gosh-Info.plist"; path = "gosh/gosh-Info.plist"; plistStructureDefinitionIdentifier = "com.apple.xcode.plist.structure-definition.iphone.info-plist"; sourceTree = SOURCE_ROOT; };
		EB87FDF31871DA8E0020F90C /* www */ = {isa = PBXFileReference; lastKnownFileType = folder; name = www; path = ../../www; sourceTree = "<group>"; };
		EB87FDF41871DAF40020F90C /* config.xml */ = {isa = PBXFileReference; lastKnownFileType = text.xml; name = config.xml; path = ../../config.xml; sourceTree = "<group>"; };
		F840E1F0165FE0F500CFE078 /* config.xml */ = {isa = PBXFileReference; lastKnownFileType = text.xml; name = config.xml; path = "gosh/config.xml"; sourceTree = "<group>"; };
		ED33DF2A687741AEAF9F8254 /* Bridging-Header.h */ = {isa = PBXFileReference; fileEncoding = 4; lastKnownFileType = sourcecode.c.h; name = "Bridging-Header.h"; path = "Bridging-Header.h"; sourceTree = "<group>"; };
		E6D3A283E81C4D7194CE8E77 /* AppCenterShared.m */ = {isa = PBXFileReference; name = "AppCenterShared.m"; path = "cordova-plugin-appcenter-shared/AppCenterShared.m"; sourceTree = "<group>"; fileEncoding = 4; lastKnownFileType = sourcecode.c.objc; explicitFileType = undefined; includeInIndex = 0; };
		2D9CD7732BEE43638E4CDDEA /* AppCenterSharedPlugin.m */ = {isa = PBXFileReference; name = "AppCenterSharedPlugin.m"; path = "cordova-plugin-appcenter-shared/AppCenterSharedPlugin.m"; sourceTree = "<group>"; fileEncoding = 4; lastKnownFileType = sourcecode.c.objc; explicitFileType = undefined; includeInIndex = 0; };
		CA9A4BDDE2144B3A8DF9108F /* AppCenterShared.h */ = {isa = PBXFileReference; name = "AppCenterShared.h"; path = "cordova-plugin-appcenter-shared/AppCenterShared.h"; sourceTree = "<group>"; fileEncoding = 4; lastKnownFileType = sourcecode.c.h; explicitFileType = undefined; includeInIndex = 0; };
		A4DE1A53C56A49B983257615 /* AppCenterSharedPlugin.h */ = {isa = PBXFileReference; name = "AppCenterSharedPlugin.h"; path = "cordova-plugin-appcenter-shared/AppCenterSharedPlugin.h"; sourceTree = "<group>"; fileEncoding = 4; lastKnownFileType = sourcecode.c.h; explicitFileType = undefined; includeInIndex = 0; };
		B6A9940ADAF1469B9067E0DE /* AppCenterAnalyticsPlugin.m */ = {isa = PBXFileReference; name = "AppCenterAnalyticsPlugin.m"; path = "cordova-plugin-appcenter-analytics/AppCenterAnalyticsPlugin.m"; sourceTree = "<group>"; fileEncoding = 4; lastKnownFileType = sourcecode.c.objc; explicitFileType = undefined; includeInIndex = 0; };
		349DA8E9C3EB4459A1185662 /* AppCenterAnalyticsPlugin.h */ = {isa = PBXFileReference; name = "AppCenterAnalyticsPlugin.h"; path = "cordova-plugin-appcenter-analytics/AppCenterAnalyticsPlugin.h"; sourceTree = "<group>"; fileEncoding = 4; lastKnownFileType = sourcecode.c.h; explicitFileType = undefined; includeInIndex = 0; };
		6A9881356590481190EC922E /* AppCenterCrashesPlugin.m */ = {isa = PBXFileReference; name = "AppCenterCrashesPlugin.m"; path = "cordova-plugin-appcenter-crashes/AppCenterCrashesPlugin.m"; sourceTree = "<group>"; fileEncoding = 4; lastKnownFileType = sourcecode.c.objc; explicitFileType = undefined; includeInIndex = 0; };
		7A8734D4FAA3454EA935C65C /* CordovaCrashesDelegate.m */ = {isa = PBXFileReference; name = "CordovaCrashesDelegate.m"; path = "cordova-plugin-appcenter-crashes/CordovaCrashesDelegate.m"; sourceTree = "<group>"; fileEncoding = 4; lastKnownFileType = sourcecode.c.objc; explicitFileType = undefined; includeInIndex = 0; };
		45A2F73A57C040FE96C6755F /* CrashesUtils.m */ = {isa = PBXFileReference; name = "CrashesUtils.m"; path = "cordova-plugin-appcenter-crashes/CrashesUtils.m"; sourceTree = "<group>"; fileEncoding = 4; lastKnownFileType = sourcecode.c.objc; explicitFileType = undefined; includeInIndex = 0; };
		BC1CB7BA5A7946078CAB518C /* AppCenterCrashesPlugin.h */ = {isa = PBXFileReference; name = "AppCenterCrashesPlugin.h"; path = "cordova-plugin-appcenter-crashes/AppCenterCrashesPlugin.h"; sourceTree = "<group>"; fileEncoding = 4; lastKnownFileType = sourcecode.c.h; explicitFileType = undefined; includeInIndex = 0; };
		899C33D33A8D424C9528F594 /* CordovaCrashesDelegate.h */ = {isa = PBXFileReference; name = "CordovaCrashesDelegate.h"; path = "cordova-plugin-appcenter-crashes/CordovaCrashesDelegate.h"; sourceTree = "<group>"; fileEncoding = 4; lastKnownFileType = sourcecode.c.h; explicitFileType = undefined; includeInIndex = 0; };
		F71FD8230252427E88F1DBD2 /* CrashesUtils.h */ = {isa = PBXFileReference; name = "CrashesUtils.h"; path = "cordova-plugin-appcenter-crashes/CrashesUtils.h"; sourceTree = "<group>"; fileEncoding = 4; lastKnownFileType = sourcecode.c.h; explicitFileType = undefined; includeInIndex = 0; };
		3E5015B3BB914E72B578F50B /* APPEmailComposer.m */ = {isa = PBXFileReference; name = "APPEmailComposer.m"; path = "cordova-plugin-email-composer/APPEmailComposer.m"; sourceTree = "<group>"; fileEncoding = 4; lastKnownFileType = sourcecode.c.objc; explicitFileType = undefined; includeInIndex = 0; };
		CD8B2BF27B754FABB90B4F45 /* APPEmailComposerImpl.m */ = {isa = PBXFileReference; name = "APPEmailComposerImpl.m"; path = "cordova-plugin-email-composer/APPEmailComposerImpl.m"; sourceTree = "<group>"; fileEncoding = 4; lastKnownFileType = sourcecode.c.objc; explicitFileType = undefined; includeInIndex = 0; };
		4928870AD451459CA8BF9260 /* APPEmailComposer.h */ = {isa = PBXFileReference; name = "APPEmailComposer.h"; path = "cordova-plugin-email-composer/APPEmailComposer.h"; sourceTree = "<group>"; fileEncoding = 4; lastKnownFileType = sourcecode.c.h; explicitFileType = undefined; includeInIndex = 0; };
		80E422C668454B208E3C024C /* APPEmailComposerImpl.h */ = {isa = PBXFileReference; name = "APPEmailComposerImpl.h"; path = "cordova-plugin-email-composer/APPEmailComposerImpl.h"; sourceTree = "<group>"; fileEncoding = 4; lastKnownFileType = sourcecode.c.h; explicitFileType = undefined; includeInIndex = 0; };
		83FF6289E0FF42C9905B4A62 /* MessageUI.framework */ = {isa = PBXFileReference; name = "MessageUI.framework"; path = "System/Library/Frameworks/MessageUI.framework"; sourceTree = SDKROOT; fileEncoding = undefined; lastKnownFileType = wrapper.framework; explicitFileType = undefined; includeInIndex = 0; };
		4C0AD8E87E324C91B2E0E510 /* CDVSplashScreen.m */ = {isa = PBXFileReference; name = "CDVSplashScreen.m"; path = "cordova-plugin-splashscreen/CDVSplashScreen.m"; sourceTree = "<group>"; fileEncoding = 4; lastKnownFileType = sourcecode.c.objc; explicitFileType = undefined; includeInIndex = 0; };
		9DE893597845479F89953977 /* CDVViewController+SplashScreen.m */ = {isa = PBXFileReference; name = "CDVViewController+SplashScreen.m"; path = "cordova-plugin-splashscreen/CDVViewController+SplashScreen.m"; sourceTree = "<group>"; fileEncoding = 4; lastKnownFileType = sourcecode.c.objc; explicitFileType = undefined; includeInIndex = 0; };
		2DE5EA9A90BF4499965CF984 /* CDVSplashScreen.h */ = {isa = PBXFileReference; name = "CDVSplashScreen.h"; path = "cordova-plugin-splashscreen/CDVSplashScreen.h"; sourceTree = "<group>"; fileEncoding = 4; lastKnownFileType = sourcecode.c.h; explicitFileType = undefined; includeInIndex = 0; };
		20908E30CAA04BBC9DA94168 /* CDVViewController+SplashScreen.h */ = {isa = PBXFileReference; name = "CDVViewController+SplashScreen.h"; path = "cordova-plugin-splashscreen/CDVViewController+SplashScreen.h"; sourceTree = "<group>"; fileEncoding = 4; lastKnownFileType = sourcecode.c.h; explicitFileType = undefined; includeInIndex = 0; };
		F5D706A608C74CE6BA2507FC /* CDVSplashScreen+IonicDeploy.m */ = {isa = PBXFileReference; name = "CDVSplashScreen+IonicDeploy.m"; path = "cordova-plugin-ionic/CDVSplashScreen+IonicDeploy.m"; sourceTree = "<group>"; fileEncoding = 4; lastKnownFileType = sourcecode.c.objc; explicitFileType = undefined; includeInIndex = 0; };
		4CDCDB53CBFE44A0B4FFEBD9 /* IonicConstant.m */ = {isa = PBXFileReference; name = "IonicConstant.m"; path = "cordova-plugin-ionic/IonicConstant.m"; sourceTree = "<group>"; fileEncoding = 4; lastKnownFileType = sourcecode.c.objc; explicitFileType = undefined; includeInIndex = 0; };
		4CD991101DC742C5A3C6E4C7 /* IonicDeploy.m */ = {isa = PBXFileReference; name = "IonicDeploy.m"; path = "cordova-plugin-ionic/IonicDeploy.m"; sourceTree = "<group>"; fileEncoding = 4; lastKnownFileType = sourcecode.c.objc; explicitFileType = undefined; includeInIndex = 0; };
		6F8270AE328C4A74823BF71F /* Download.m */ = {isa = PBXFileReference; name = "Download.m"; path = "cordova-plugin-ionic/Download.m"; sourceTree = "<group>"; fileEncoding = 4; lastKnownFileType = sourcecode.c.objc; explicitFileType = undefined; includeInIndex = 0; };
		6D53D244709142AD964DBB20 /* DownloadManager.m */ = {isa = PBXFileReference; name = "DownloadManager.m"; path = "cordova-plugin-ionic/DownloadManager.m"; sourceTree = "<group>"; fileEncoding = 4; lastKnownFileType = sourcecode.c.objc; explicitFileType = undefined; includeInIndex = 0; };
		D70FB65DF13F41A5B82D8211 /* SSZipArchive.m */ = {isa = PBXFileReference; name = "SSZipArchive.m"; path = "cordova-plugin-ionic/SSZipArchive.m"; sourceTree = "<group>"; fileEncoding = 4; lastKnownFileType = sourcecode.c.objc; explicitFileType = undefined; includeInIndex = 0; };
		076A5B7FDDC64A83A02830AD /* ioapi.c */ = {isa = PBXFileReference; name = "ioapi.c"; path = "cordova-plugin-ionic/ioapi.c"; sourceTree = "<group>"; fileEncoding = undefined; lastKnownFileType = unknown; explicitFileType = undefined; includeInIndex = 0; };
		F4247048574C4C50B814311B /* unzip.c */ = {isa = PBXFileReference; name = "unzip.c"; path = "cordova-plugin-ionic/unzip.c"; sourceTree = "<group>"; fileEncoding = undefined; lastKnownFileType = unknown; explicitFileType = undefined; includeInIndex = 0; };
		74724D0BE3A3467AB930858F /* zip.c */ = {isa = PBXFileReference; name = "zip.c"; path = "cordova-plugin-ionic/zip.c"; sourceTree = "<group>"; fileEncoding = undefined; lastKnownFileType = unknown; explicitFileType = undefined; includeInIndex = 0; };
		65746D45B9A1438DA444F451 /* adler32.c */ = {isa = PBXFileReference; name = "adler32.c"; path = "cordova-plugin-ionic/adler32.c"; sourceTree = "<group>"; fileEncoding = undefined; lastKnownFileType = unknown; explicitFileType = undefined; includeInIndex = 0; };
		6A4DCCD9D55047C6B02DF410 /* compress.c */ = {isa = PBXFileReference; name = "compress.c"; path = "cordova-plugin-ionic/compress.c"; sourceTree = "<group>"; fileEncoding = undefined; lastKnownFileType = unknown; explicitFileType = undefined; includeInIndex = 0; };
		AFD93545E3CD44689E019B21 /* crc32.c */ = {isa = PBXFileReference; name = "crc32.c"; path = "cordova-plugin-ionic/crc32.c"; sourceTree = "<group>"; fileEncoding = undefined; lastKnownFileType = unknown; explicitFileType = undefined; includeInIndex = 0; };
		2CC6BCB8931F4462B46FD3D9 /* deflate.c */ = {isa = PBXFileReference; name = "deflate.c"; path = "cordova-plugin-ionic/deflate.c"; sourceTree = "<group>"; fileEncoding = undefined; lastKnownFileType = unknown; explicitFileType = undefined; includeInIndex = 0; };
		6D602D6C07A44C7C8B7772A1 /* gzclose.c */ = {isa = PBXFileReference; name = "gzclose.c"; path = "cordova-plugin-ionic/gzclose.c"; sourceTree = "<group>"; fileEncoding = undefined; lastKnownFileType = unknown; explicitFileType = undefined; includeInIndex = 0; };
		CFACDA0E48A54333A917247B /* gzlib.c */ = {isa = PBXFileReference; name = "gzlib.c"; path = "cordova-plugin-ionic/gzlib.c"; sourceTree = "<group>"; fileEncoding = undefined; lastKnownFileType = unknown; explicitFileType = undefined; includeInIndex = 0; };
		7EFA4C00212540C2906582E1 /* gzread.c */ = {isa = PBXFileReference; name = "gzread.c"; path = "cordova-plugin-ionic/gzread.c"; sourceTree = "<group>"; fileEncoding = undefined; lastKnownFileType = unknown; explicitFileType = undefined; includeInIndex = 0; };
		397EF5D46C884229BB6C20FC /* gzwrite.c */ = {isa = PBXFileReference; name = "gzwrite.c"; path = "cordova-plugin-ionic/gzwrite.c"; sourceTree = "<group>"; fileEncoding = undefined; lastKnownFileType = unknown; explicitFileType = undefined; includeInIndex = 0; };
		4270D9CBD35D4FAE9DE74AA1 /* infback.c */ = {isa = PBXFileReference; name = "infback.c"; path = "cordova-plugin-ionic/infback.c"; sourceTree = "<group>"; fileEncoding = undefined; lastKnownFileType = unknown; explicitFileType = undefined; includeInIndex = 0; };
		0ED7CFCC1EE946829547683A /* inffast.c */ = {isa = PBXFileReference; name = "inffast.c"; path = "cordova-plugin-ionic/inffast.c"; sourceTree = "<group>"; fileEncoding = undefined; lastKnownFileType = unknown; explicitFileType = undefined; includeInIndex = 0; };
		2F55CDA2D29843B8996CEB68 /* inflate.c */ = {isa = PBXFileReference; name = "inflate.c"; path = "cordova-plugin-ionic/inflate.c"; sourceTree = "<group>"; fileEncoding = undefined; lastKnownFileType = unknown; explicitFileType = undefined; includeInIndex = 0; };
		3F4480C214CF4E16940013A7 /* inftrees.c */ = {isa = PBXFileReference; name = "inftrees.c"; path = "cordova-plugin-ionic/inftrees.c"; sourceTree = "<group>"; fileEncoding = undefined; lastKnownFileType = unknown; explicitFileType = undefined; includeInIndex = 0; };
		A59D1F67EC7944E4A9F66496 /* trees.c */ = {isa = PBXFileReference; name = "trees.c"; path = "cordova-plugin-ionic/trees.c"; sourceTree = "<group>"; fileEncoding = undefined; lastKnownFileType = unknown; explicitFileType = undefined; includeInIndex = 0; };
		3B91182D92314A7EBF732C33 /* uncompr.c */ = {isa = PBXFileReference; name = "uncompr.c"; path = "cordova-plugin-ionic/uncompr.c"; sourceTree = "<group>"; fileEncoding = undefined; lastKnownFileType = unknown; explicitFileType = undefined; includeInIndex = 0; };
		087A3CFD826E4A36B97D320A /* zutil.c */ = {isa = PBXFileReference; name = "zutil.c"; path = "cordova-plugin-ionic/zutil.c"; sourceTree = "<group>"; fileEncoding = undefined; lastKnownFileType = unknown; explicitFileType = undefined; includeInIndex = 0; };
		60E69F4BE1A2435EB624486C /* Base64.m */ = {isa = PBXFileReference; name = "Base64.m"; path = "cordova-plugin-ionic/Base64.m"; sourceTree = "<group>"; fileEncoding = 4; lastKnownFileType = sourcecode.c.objc; explicitFileType = undefined; includeInIndex = 0; };
		B1339F8D2D4448FBA98E15CF /* UNIHTTPClientHelper.m */ = {isa = PBXFileReference; name = "UNIHTTPClientHelper.m"; path = "cordova-plugin-ionic/UNIHTTPClientHelper.m"; sourceTree = "<group>"; fileEncoding = 4; lastKnownFileType = sourcecode.c.objc; explicitFileType = undefined; includeInIndex = 0; };
		C3EDBD74B0474E6C988AB6B7 /* UNIHTTPRequest.m */ = {isa = PBXFileReference; name = "UNIHTTPRequest.m"; path = "cordova-plugin-ionic/UNIHTTPRequest.m"; sourceTree = "<group>"; fileEncoding = 4; lastKnownFileType = sourcecode.c.objc; explicitFileType = undefined; includeInIndex = 0; };
		115213A3ACD64CAE921C7FD2 /* UNIHTTPRequestWithBody.m */ = {isa = PBXFileReference; name = "UNIHTTPRequestWithBody.m"; path = "cordova-plugin-ionic/UNIHTTPRequestWithBody.m"; sourceTree = "<group>"; fileEncoding = 4; lastKnownFileType = sourcecode.c.objc; explicitFileType = undefined; includeInIndex = 0; };
		DB0FA123D08D48F8BCEFBD8C /* UNIRest.m */ = {isa = PBXFileReference; name = "UNIRest.m"; path = "cordova-plugin-ionic/UNIRest.m"; sourceTree = "<group>"; fileEncoding = 4; lastKnownFileType = sourcecode.c.objc; explicitFileType = undefined; includeInIndex = 0; };
		48C20E1C2DFA4800A80BF89F /* UNIUrlConnection.m */ = {isa = PBXFileReference; name = "UNIUrlConnection.m"; path = "cordova-plugin-ionic/UNIUrlConnection.m"; sourceTree = "<group>"; fileEncoding = 4; lastKnownFileType = sourcecode.c.objc; explicitFileType = undefined; includeInIndex = 0; };
		C7CDAB4E6B2C48DEA3EE4198 /* UNIBaseRequest.m */ = {isa = PBXFileReference; name = "UNIBaseRequest.m"; path = "cordova-plugin-ionic/UNIBaseRequest.m"; sourceTree = "<group>"; fileEncoding = 4; lastKnownFileType = sourcecode.c.objc; explicitFileType = undefined; includeInIndex = 0; };
		C939A3B89D9143AE93C41A60 /* UNIBodyRequest.m */ = {isa = PBXFileReference; name = "UNIBodyRequest.m"; path = "cordova-plugin-ionic/UNIBodyRequest.m"; sourceTree = "<group>"; fileEncoding = 4; lastKnownFileType = sourcecode.c.objc; explicitFileType = undefined; includeInIndex = 0; };
		FF17E94B06AE442E9146A7C1 /* UNISimpleRequest.m */ = {isa = PBXFileReference; name = "UNISimpleRequest.m"; path = "cordova-plugin-ionic/UNISimpleRequest.m"; sourceTree = "<group>"; fileEncoding = 4; lastKnownFileType = sourcecode.c.objc; explicitFileType = undefined; includeInIndex = 0; };
		6ED0A9F7050F4D23813B3D90 /* UNIHTTPBinaryResponse.m */ = {isa = PBXFileReference; name = "UNIHTTPBinaryResponse.m"; path = "cordova-plugin-ionic/UNIHTTPBinaryResponse.m"; sourceTree = "<group>"; fileEncoding = 4; lastKnownFileType = sourcecode.c.objc; explicitFileType = undefined; includeInIndex = 0; };
		E0933CD88EC7448A85F81B10 /* UNIHTTPJsonResponse.m */ = {isa = PBXFileReference; name = "UNIHTTPJsonResponse.m"; path = "cordova-plugin-ionic/UNIHTTPJsonResponse.m"; sourceTree = "<group>"; fileEncoding = 4; lastKnownFileType = sourcecode.c.objc; explicitFileType = undefined; includeInIndex = 0; };
		FFEDFE22688142B5B62B0B3F /* UNIHTTPResponse.m */ = {isa = PBXFileReference; name = "UNIHTTPResponse.m"; path = "cordova-plugin-ionic/UNIHTTPResponse.m"; sourceTree = "<group>"; fileEncoding = 4; lastKnownFileType = sourcecode.c.objc; explicitFileType = undefined; includeInIndex = 0; };
		1B369D1A4AF74E89AC9F880F /* UNIHTTPStringResponse.m */ = {isa = PBXFileReference; name = "UNIHTTPStringResponse.m"; path = "cordova-plugin-ionic/UNIHTTPStringResponse.m"; sourceTree = "<group>"; fileEncoding = 4; lastKnownFileType = sourcecode.c.objc; explicitFileType = undefined; includeInIndex = 0; };
		FD0B264B90BD4E01A7774CAD /* UNIJsonNode.m */ = {isa = PBXFileReference; name = "UNIJsonNode.m"; path = "cordova-plugin-ionic/UNIJsonNode.m"; sourceTree = "<group>"; fileEncoding = 4; lastKnownFileType = sourcecode.c.objc; explicitFileType = undefined; includeInIndex = 0; };
		6AA85C96114949E7B362D17E /* IonicCordovaCommon.m */ = {isa = PBXFileReference; name = "IonicCordovaCommon.m"; path = "cordova-plugin-ionic/IonicCordovaCommon.m"; sourceTree = "<group>"; fileEncoding = 4; lastKnownFileType = sourcecode.c.objc; explicitFileType = undefined; includeInIndex = 0; };
		A78138CE10D24FE4B0A33253 /* CDVSplashScreen+IonicDeploy.h */ = {isa = PBXFileReference; name = "CDVSplashScreen+IonicDeploy.h"; path = "cordova-plugin-ionic/CDVSplashScreen+IonicDeploy.h"; sourceTree = "<group>"; fileEncoding = 4; lastKnownFileType = sourcecode.c.h; explicitFileType = undefined; includeInIndex = 0; };
		BC2520F3794C47C39AFF3AB5 /* IonicConstant.h */ = {isa = PBXFileReference; name = "IonicConstant.h"; path = "cordova-plugin-ionic/IonicConstant.h"; sourceTree = "<group>"; fileEncoding = 4; lastKnownFileType = sourcecode.c.h; explicitFileType = undefined; includeInIndex = 0; };
		75E555BD46E741C8B939B99B /* IonicDeploy.h */ = {isa = PBXFileReference; name = "IonicDeploy.h"; path = "cordova-plugin-ionic/IonicDeploy.h"; sourceTree = "<group>"; fileEncoding = 4; lastKnownFileType = sourcecode.c.h; explicitFileType = undefined; includeInIndex = 0; };
		ACD2B8D2EAE64776A3C9281F /* Download.h */ = {isa = PBXFileReference; name = "Download.h"; path = "cordova-plugin-ionic/Download.h"; sourceTree = "<group>"; fileEncoding = 4; lastKnownFileType = sourcecode.c.h; explicitFileType = undefined; includeInIndex = 0; };
		A55F8BAA7068403587FEBB3A /* DownloadManager.h */ = {isa = PBXFileReference; name = "DownloadManager.h"; path = "cordova-plugin-ionic/DownloadManager.h"; sourceTree = "<group>"; fileEncoding = 4; lastKnownFileType = sourcecode.c.h; explicitFileType = undefined; includeInIndex = 0; };
		C080D8300F534A1095ABF861 /* SSZipArchive.h */ = {isa = PBXFileReference; name = "SSZipArchive.h"; path = "cordova-plugin-ionic/SSZipArchive.h"; sourceTree = "<group>"; fileEncoding = 4; lastKnownFileType = sourcecode.c.h; explicitFileType = undefined; includeInIndex = 0; };
		10D08E672FBA485C87E21B8D /* ARCHelper.h */ = {isa = PBXFileReference; name = "ARCHelper.h"; path = "cordova-plugin-ionic/ARCHelper.h"; sourceTree = "<group>"; fileEncoding = 4; lastKnownFileType = sourcecode.c.h; explicitFileType = undefined; includeInIndex = 0; };
		5E3A0A5B60A042A79059BACB /* crypt.h */ = {isa = PBXFileReference; name = "crypt.h"; path = "cordova-plugin-ionic/crypt.h"; sourceTree = "<group>"; fileEncoding = 4; lastKnownFileType = sourcecode.c.h; explicitFileType = undefined; includeInIndex = 0; };
		B27AAA99A145456E8839FE0E /* ioapi.h */ = {isa = PBXFileReference; name = "ioapi.h"; path = "cordova-plugin-ionic/ioapi.h"; sourceTree = "<group>"; fileEncoding = 4; lastKnownFileType = sourcecode.c.h; explicitFileType = undefined; includeInIndex = 0; };
		562CEACE401B42B28094BB84 /* unzip.h */ = {isa = PBXFileReference; name = "unzip.h"; path = "cordova-plugin-ionic/unzip.h"; sourceTree = "<group>"; fileEncoding = 4; lastKnownFileType = sourcecode.c.h; explicitFileType = undefined; includeInIndex = 0; };
		F26451E1BC41480FB89749CC /* zip.h */ = {isa = PBXFileReference; name = "zip.h"; path = "cordova-plugin-ionic/zip.h"; sourceTree = "<group>"; fileEncoding = 4; lastKnownFileType = sourcecode.c.h; explicitFileType = undefined; includeInIndex = 0; };
		53CCA0AD87824A0DA976EF38 /* crc32.h */ = {isa = PBXFileReference; name = "crc32.h"; path = "cordova-plugin-ionic/crc32.h"; sourceTree = "<group>"; fileEncoding = 4; lastKnownFileType = sourcecode.c.h; explicitFileType = undefined; includeInIndex = 0; };
		093858559E9D4D8BAFC09CDA /* deflate.h */ = {isa = PBXFileReference; name = "deflate.h"; path = "cordova-plugin-ionic/deflate.h"; sourceTree = "<group>"; fileEncoding = 4; lastKnownFileType = sourcecode.c.h; explicitFileType = undefined; includeInIndex = 0; };
		3CFA578AFBC1400BADFA9833 /* gzguts.h */ = {isa = PBXFileReference; name = "gzguts.h"; path = "cordova-plugin-ionic/gzguts.h"; sourceTree = "<group>"; fileEncoding = 4; lastKnownFileType = sourcecode.c.h; explicitFileType = undefined; includeInIndex = 0; };
		377074AE9A1F4F229E856F75 /* inffast.h */ = {isa = PBXFileReference; name = "inffast.h"; path = "cordova-plugin-ionic/inffast.h"; sourceTree = "<group>"; fileEncoding = 4; lastKnownFileType = sourcecode.c.h; explicitFileType = undefined; includeInIndex = 0; };
		A1DEBA5D44714B3EB1ABFF61 /* inffixed.h */ = {isa = PBXFileReference; name = "inffixed.h"; path = "cordova-plugin-ionic/inffixed.h"; sourceTree = "<group>"; fileEncoding = 4; lastKnownFileType = sourcecode.c.h; explicitFileType = undefined; includeInIndex = 0; };
		D0D1A2ACC2484D45904E6697 /* inflate.h */ = {isa = PBXFileReference; name = "inflate.h"; path = "cordova-plugin-ionic/inflate.h"; sourceTree = "<group>"; fileEncoding = 4; lastKnownFileType = sourcecode.c.h; explicitFileType = undefined; includeInIndex = 0; };
		12C49148693D4C13BFB7B2E6 /* inftrees.h */ = {isa = PBXFileReference; name = "inftrees.h"; path = "cordova-plugin-ionic/inftrees.h"; sourceTree = "<group>"; fileEncoding = 4; lastKnownFileType = sourcecode.c.h; explicitFileType = undefined; includeInIndex = 0; };
		15E6DE5852A8481883D3CB03 /* trees.h */ = {isa = PBXFileReference; name = "trees.h"; path = "cordova-plugin-ionic/trees.h"; sourceTree = "<group>"; fileEncoding = 4; lastKnownFileType = sourcecode.c.h; explicitFileType = undefined; includeInIndex = 0; };
		FC8D095746C1451BB8DA808A /* zconf.h */ = {isa = PBXFileReference; name = "zconf.h"; path = "cordova-plugin-ionic/zconf.h"; sourceTree = "<group>"; fileEncoding = 4; lastKnownFileType = sourcecode.c.h; explicitFileType = undefined; includeInIndex = 0; };
		2278AC7A876F4094A024D7A6 /* zlib.h */ = {isa = PBXFileReference; name = "zlib.h"; path = "cordova-plugin-ionic/zlib.h"; sourceTree = "<group>"; fileEncoding = 4; lastKnownFileType = sourcecode.c.h; explicitFileType = undefined; includeInIndex = 0; };
		EC0FF9707A934E1CA53B4F5E /* zutil.h */ = {isa = PBXFileReference; name = "zutil.h"; path = "cordova-plugin-ionic/zutil.h"; sourceTree = "<group>"; fileEncoding = 4; lastKnownFileType = sourcecode.c.h; explicitFileType = undefined; includeInIndex = 0; };
		1FBB8065FBFD448D998D9301 /* Base64.h */ = {isa = PBXFileReference; name = "Base64.h"; path = "cordova-plugin-ionic/Base64.h"; sourceTree = "<group>"; fileEncoding = 4; lastKnownFileType = sourcecode.c.h; explicitFileType = undefined; includeInIndex = 0; };
		C5241C775B5A449C9F7BA9A2 /* UNIHTTPClientHelper.h */ = {isa = PBXFileReference; name = "UNIHTTPClientHelper.h"; path = "cordova-plugin-ionic/UNIHTTPClientHelper.h"; sourceTree = "<group>"; fileEncoding = 4; lastKnownFileType = sourcecode.c.h; explicitFileType = undefined; includeInIndex = 0; };
		728E4868237F4F3D92FDA3E2 /* UNIHTTPRequest.h */ = {isa = PBXFileReference; name = "UNIHTTPRequest.h"; path = "cordova-plugin-ionic/UNIHTTPRequest.h"; sourceTree = "<group>"; fileEncoding = 4; lastKnownFileType = sourcecode.c.h; explicitFileType = undefined; includeInIndex = 0; };
		FB9FA71B221E43968D736F96 /* UNIHTTPRequestWithBody.h */ = {isa = PBXFileReference; name = "UNIHTTPRequestWithBody.h"; path = "cordova-plugin-ionic/UNIHTTPRequestWithBody.h"; sourceTree = "<group>"; fileEncoding = 4; lastKnownFileType = sourcecode.c.h; explicitFileType = undefined; includeInIndex = 0; };
		341737D9623F46B0BFB024EB /* Unirest-Prefix.pch */ = {isa = PBXFileReference; name = "Unirest-Prefix.pch"; path = "cordova-plugin-ionic/Unirest-Prefix.pch"; sourceTree = "<group>"; fileEncoding = 4; lastKnownFileType = sourcecode.c.h; explicitFileType = undefined; includeInIndex = 0; };
		A7133341A2474DBA9E1CC986 /* UNIRest.h */ = {isa = PBXFileReference; name = "UNIRest.h"; path = "cordova-plugin-ionic/UNIRest.h"; sourceTree = "<group>"; fileEncoding = 4; lastKnownFileType = sourcecode.c.h; explicitFileType = undefined; includeInIndex = 0; };
		B435D69C8F474F7CACAA67DE /* UNIUrlConnection.h */ = {isa = PBXFileReference; name = "UNIUrlConnection.h"; path = "cordova-plugin-ionic/UNIUrlConnection.h"; sourceTree = "<group>"; fileEncoding = 4; lastKnownFileType = sourcecode.c.h; explicitFileType = undefined; includeInIndex = 0; };
		9B6F45A8CF344C8483517624 /* UNIBaseRequest.h */ = {isa = PBXFileReference; name = "UNIBaseRequest.h"; path = "cordova-plugin-ionic/UNIBaseRequest.h"; sourceTree = "<group>"; fileEncoding = 4; lastKnownFileType = sourcecode.c.h; explicitFileType = undefined; includeInIndex = 0; };
		9D4D03421C37412880312827 /* UNIBodyRequest.h */ = {isa = PBXFileReference; name = "UNIBodyRequest.h"; path = "cordova-plugin-ionic/UNIBodyRequest.h"; sourceTree = "<group>"; fileEncoding = 4; lastKnownFileType = sourcecode.c.h; explicitFileType = undefined; includeInIndex = 0; };
		84AEC707212E4BD9B2ECC8EC /* UNISimpleRequest.h */ = {isa = PBXFileReference; name = "UNISimpleRequest.h"; path = "cordova-plugin-ionic/UNISimpleRequest.h"; sourceTree = "<group>"; fileEncoding = 4; lastKnownFileType = sourcecode.c.h; explicitFileType = undefined; includeInIndex = 0; };
		46E78D6A66714207BC22B869 /* UNIHTTPBinaryResponse.h */ = {isa = PBXFileReference; name = "UNIHTTPBinaryResponse.h"; path = "cordova-plugin-ionic/UNIHTTPBinaryResponse.h"; sourceTree = "<group>"; fileEncoding = 4; lastKnownFileType = sourcecode.c.h; explicitFileType = undefined; includeInIndex = 0; };
		86E0C2B4828741369861B867 /* UNIHTTPJsonResponse.h */ = {isa = PBXFileReference; name = "UNIHTTPJsonResponse.h"; path = "cordova-plugin-ionic/UNIHTTPJsonResponse.h"; sourceTree = "<group>"; fileEncoding = 4; lastKnownFileType = sourcecode.c.h; explicitFileType = undefined; includeInIndex = 0; };
		C3DAFD27831F41DA9D47C777 /* UNIHTTPResponse.h */ = {isa = PBXFileReference; name = "UNIHTTPResponse.h"; path = "cordova-plugin-ionic/UNIHTTPResponse.h"; sourceTree = "<group>"; fileEncoding = 4; lastKnownFileType = sourcecode.c.h; explicitFileType = undefined; includeInIndex = 0; };
		DF9B3E90089B486B85E484EF /* UNIHTTPStringResponse.h */ = {isa = PBXFileReference; name = "UNIHTTPStringResponse.h"; path = "cordova-plugin-ionic/UNIHTTPStringResponse.h"; sourceTree = "<group>"; fileEncoding = 4; lastKnownFileType = sourcecode.c.h; explicitFileType = undefined; includeInIndex = 0; };
		DDF365F954AE4C13BE6D9F19 /* UNIJsonNode.h */ = {isa = PBXFileReference; name = "UNIJsonNode.h"; path = "cordova-plugin-ionic/UNIJsonNode.h"; sourceTree = "<group>"; fileEncoding = 4; lastKnownFileType = sourcecode.c.h; explicitFileType = undefined; includeInIndex = 0; };
		5C4891AC9B2A401AA17DA35D /* IonicCordovaCommon.h */ = {isa = PBXFileReference; name = "IonicCordovaCommon.h"; path = "cordova-plugin-ionic/IonicCordovaCommon.h"; sourceTree = "<group>"; fileEncoding = 4; lastKnownFileType = sourcecode.c.h; explicitFileType = undefined; includeInIndex = 0; };
		9F4E5B7E1C444B5EA1F3D1F3 /* SQLitePlugin.m */ = {isa = PBXFileReference; name = "SQLitePlugin.m"; path = "cordova-sqlite-storage/SQLitePlugin.m"; sourceTree = "<group>"; fileEncoding = 4; lastKnownFileType = sourcecode.c.objc; explicitFileType = undefined; includeInIndex = 0; };
		49F0BB282609436385566702 /* PSPDFThreadSafeMutableDictionary.m */ = {isa = PBXFileReference; name = "PSPDFThreadSafeMutableDictionary.m"; path = "cordova-sqlite-storage/PSPDFThreadSafeMutableDictionary.m"; sourceTree = "<group>"; fileEncoding = 4; lastKnownFileType = sourcecode.c.objc; explicitFileType = undefined; includeInIndex = 0; };
		0D49C3D390B14B40A7D2CBCB /* sqlite3.c */ = {isa = PBXFileReference; name = "sqlite3.c"; path = "cordova-sqlite-storage/sqlite3.c"; sourceTree = "<group>"; fileEncoding = undefined; lastKnownFileType = unknown; explicitFileType = undefined; includeInIndex = 0; };
		F2FD4F624C464B84AD585367 /* SQLitePlugin.h */ = {isa = PBXFileReference; name = "SQLitePlugin.h"; path = "cordova-sqlite-storage/SQLitePlugin.h"; sourceTree = "<group>"; fileEncoding = 4; lastKnownFileType = sourcecode.c.h; explicitFileType = undefined; includeInIndex = 0; };
		DFC3F2E6F52C49EDAA1CC529 /* PSPDFThreadSafeMutableDictionary.h */ = {isa = PBXFileReference; name = "PSPDFThreadSafeMutableDictionary.h"; path = "cordova-sqlite-storage/PSPDFThreadSafeMutableDictionary.h"; sourceTree = "<group>"; fileEncoding = 4; lastKnownFileType = sourcecode.c.h; explicitFileType = undefined; includeInIndex = 0; };
		8C1C71958FD040E2854B4DA6 /* sqlite3.h */ = {isa = PBXFileReference; name = "sqlite3.h"; path = "cordova-sqlite-storage/sqlite3.h"; sourceTree = "<group>"; fileEncoding = 4; lastKnownFileType = sourcecode.c.h; explicitFileType = undefined; includeInIndex = 0; };
/* End PBXFileReference section */

/* Begin PBXFrameworksBuildPhase section */
		1D60588F0D05DD3D006BFB54 /* Frameworks */ = {
			isa = PBXFrameworksBuildPhase;
			buildActionMask = 2147483647;
			files = (
				301BF552109A68D80062928A /* libCordova.a in Frameworks */,
				1098B2E647904922B122E3D7 /* MessageUI.framework in Frameworks */,
			);
			runOnlyForDeploymentPostprocessing = 0;
		};
/* End PBXFrameworksBuildPhase section */

/* Begin PBXGroup section */
		080E96DDFE201D6D7F000001 /* Classes */ = {
			isa = PBXGroup;
			children = (
				302D95EE14D2391D003F00A1 /* MainViewController.h */,
				302D95EF14D2391D003F00A1 /* MainViewController.m */,
				302D95F014D2391D003F00A1 /* MainViewController.xib */,
				1D3623240D0F684500981E51 /* AppDelegate.h */,
				1D3623250D0F684500981E51 /* AppDelegate.m */,
			);
			name = Classes;
			path = "gosh/Classes";
			sourceTree = SOURCE_ROOT;
		};
		19C28FACFE9D520D11CA2CBB /* Products */ = {
			isa = PBXGroup;
			children = (
				1D6058910D05DD3D006BFB54 /* gosh.app */,
			);
			name = Products;
			sourceTree = "<group>";
		};
		29B97314FDCFA39411CA2CEA /* CustomTemplate */ = {
			isa = PBXGroup;
			children = (
				EB87FDF41871DAF40020F90C /* config.xml */,
				EB87FDF31871DA8E0020F90C /* www */,
				EB87FDF11871DA420020F90C /* Staging */,
				301BF52D109A57CC0062928A /* CordovaLib.xcodeproj */,
				080E96DDFE201D6D7F000001 /* Classes */,
				307C750510C5A3420062BCA9 /* Plugins */,
				29B97315FDCFA39411CA2CEA /* Other Sources */,
				29B97317FDCFA39411CA2CEA /* Resources */,
				29B97323FDCFA39411CA2CEA /* Frameworks */,
				19C28FACFE9D520D11CA2CBB /* Products */,
			);
			name = CustomTemplate;
			sourceTree = "<group>";
		};
		29B97315FDCFA39411CA2CEA /* Other Sources */ = {
			isa = PBXGroup;
			children = (
				32CA4F630368D1EE00C91783 /* gosh-Prefix.pch */,
				29B97316FDCFA39411CA2CEA /* main.m */,
				ED33DF2A687741AEAF9F8254 /* Bridging-Header.h */,
			);
			name = "Other Sources";
			path = "gosh";
			sourceTree = "<group>";
		};
		29B97317FDCFA39411CA2CEA /* Resources */ = {
			isa = PBXGroup;
			children = (
				0207DA571B56EA530066E2B4 /* Images.xcassets */,
				3047A50E1AB8057F00498E2A /* config */,
				8D1107310486CEB800E47090 /* gosh-Info.plist */,
				6AFF5BF81D6E424B00AB3073 /* CDVLaunchScreen.storyboard */,
			);
			name = Resources;
			path = "gosh/Resources";
			sourceTree = "<group>";
		};
		29B97323FDCFA39411CA2CEA /* Frameworks */ = {
			isa = PBXGroup;
			children = (
				83FF6289E0FF42C9905B4A62 /* MessageUI.framework */,
			);
			name = Frameworks;
			sourceTree = "<group>";
		};
		301BF52E109A57CC0062928A /* Products */ = {
			isa = PBXGroup;
			children = (
				301BF535109A57CC0062928A /* libCordova.a */,
			);
			name = Products;
			sourceTree = "<group>";
		};
		3047A50E1AB8057F00498E2A /* config */ = {
			isa = PBXGroup;
			children = (
				3047A50F1AB8059700498E2A /* build-debug.xcconfig */,
				3047A5101AB8059700498E2A /* build-release.xcconfig */,
				3047A5111AB8059700498E2A /* build.xcconfig */,
			);
			name = config;
			sourceTree = "<group>";
		};
		307C750510C5A3420062BCA9 /* Plugins */ = {
			isa = PBXGroup;
			children = (
				E6D3A283E81C4D7194CE8E77 /* AppCenterShared.m */,
				2D9CD7732BEE43638E4CDDEA /* AppCenterSharedPlugin.m */,
				CA9A4BDDE2144B3A8DF9108F /* AppCenterShared.h */,
				A4DE1A53C56A49B983257615 /* AppCenterSharedPlugin.h */,
				B6A9940ADAF1469B9067E0DE /* AppCenterAnalyticsPlugin.m */,
				349DA8E9C3EB4459A1185662 /* AppCenterAnalyticsPlugin.h */,
				6A9881356590481190EC922E /* AppCenterCrashesPlugin.m */,
				7A8734D4FAA3454EA935C65C /* CordovaCrashesDelegate.m */,
				45A2F73A57C040FE96C6755F /* CrashesUtils.m */,
				BC1CB7BA5A7946078CAB518C /* AppCenterCrashesPlugin.h */,
				899C33D33A8D424C9528F594 /* CordovaCrashesDelegate.h */,
				F71FD8230252427E88F1DBD2 /* CrashesUtils.h */,
				3E5015B3BB914E72B578F50B /* APPEmailComposer.m */,
				CD8B2BF27B754FABB90B4F45 /* APPEmailComposerImpl.m */,
				4928870AD451459CA8BF9260 /* APPEmailComposer.h */,
				80E422C668454B208E3C024C /* APPEmailComposerImpl.h */,
				4C0AD8E87E324C91B2E0E510 /* CDVSplashScreen.m */,
				9DE893597845479F89953977 /* CDVViewController+SplashScreen.m */,
				2DE5EA9A90BF4499965CF984 /* CDVSplashScreen.h */,
				20908E30CAA04BBC9DA94168 /* CDVViewController+SplashScreen.h */,
				F5D706A608C74CE6BA2507FC /* CDVSplashScreen+IonicDeploy.m */,
				4CDCDB53CBFE44A0B4FFEBD9 /* IonicConstant.m */,
				4CD991101DC742C5A3C6E4C7 /* IonicDeploy.m */,
				6F8270AE328C4A74823BF71F /* Download.m */,
				6D53D244709142AD964DBB20 /* DownloadManager.m */,
				D70FB65DF13F41A5B82D8211 /* SSZipArchive.m */,
				076A5B7FDDC64A83A02830AD /* ioapi.c */,
				F4247048574C4C50B814311B /* unzip.c */,
				74724D0BE3A3467AB930858F /* zip.c */,
				65746D45B9A1438DA444F451 /* adler32.c */,
				6A4DCCD9D55047C6B02DF410 /* compress.c */,
				AFD93545E3CD44689E019B21 /* crc32.c */,
				2CC6BCB8931F4462B46FD3D9 /* deflate.c */,
				6D602D6C07A44C7C8B7772A1 /* gzclose.c */,
				CFACDA0E48A54333A917247B /* gzlib.c */,
				7EFA4C00212540C2906582E1 /* gzread.c */,
				397EF5D46C884229BB6C20FC /* gzwrite.c */,
				4270D9CBD35D4FAE9DE74AA1 /* infback.c */,
				0ED7CFCC1EE946829547683A /* inffast.c */,
				2F55CDA2D29843B8996CEB68 /* inflate.c */,
				3F4480C214CF4E16940013A7 /* inftrees.c */,
				A59D1F67EC7944E4A9F66496 /* trees.c */,
				3B91182D92314A7EBF732C33 /* uncompr.c */,
				087A3CFD826E4A36B97D320A /* zutil.c */,
				60E69F4BE1A2435EB624486C /* Base64.m */,
				B1339F8D2D4448FBA98E15CF /* UNIHTTPClientHelper.m */,
				C3EDBD74B0474E6C988AB6B7 /* UNIHTTPRequest.m */,
				115213A3ACD64CAE921C7FD2 /* UNIHTTPRequestWithBody.m */,
				DB0FA123D08D48F8BCEFBD8C /* UNIRest.m */,
				48C20E1C2DFA4800A80BF89F /* UNIUrlConnection.m */,
				C7CDAB4E6B2C48DEA3EE4198 /* UNIBaseRequest.m */,
				C939A3B89D9143AE93C41A60 /* UNIBodyRequest.m */,
				FF17E94B06AE442E9146A7C1 /* UNISimpleRequest.m */,
				6ED0A9F7050F4D23813B3D90 /* UNIHTTPBinaryResponse.m */,
				E0933CD88EC7448A85F81B10 /* UNIHTTPJsonResponse.m */,
				FFEDFE22688142B5B62B0B3F /* UNIHTTPResponse.m */,
				1B369D1A4AF74E89AC9F880F /* UNIHTTPStringResponse.m */,
				FD0B264B90BD4E01A7774CAD /* UNIJsonNode.m */,
				6AA85C96114949E7B362D17E /* IonicCordovaCommon.m */,
				A78138CE10D24FE4B0A33253 /* CDVSplashScreen+IonicDeploy.h */,
				BC2520F3794C47C39AFF3AB5 /* IonicConstant.h */,
				75E555BD46E741C8B939B99B /* IonicDeploy.h */,
				ACD2B8D2EAE64776A3C9281F /* Download.h */,
				A55F8BAA7068403587FEBB3A /* DownloadManager.h */,
				C080D8300F534A1095ABF861 /* SSZipArchive.h */,
				10D08E672FBA485C87E21B8D /* ARCHelper.h */,
				5E3A0A5B60A042A79059BACB /* crypt.h */,
				B27AAA99A145456E8839FE0E /* ioapi.h */,
				562CEACE401B42B28094BB84 /* unzip.h */,
				F26451E1BC41480FB89749CC /* zip.h */,
				53CCA0AD87824A0DA976EF38 /* crc32.h */,
				093858559E9D4D8BAFC09CDA /* deflate.h */,
				3CFA578AFBC1400BADFA9833 /* gzguts.h */,
				377074AE9A1F4F229E856F75 /* inffast.h */,
				A1DEBA5D44714B3EB1ABFF61 /* inffixed.h */,
				D0D1A2ACC2484D45904E6697 /* inflate.h */,
				12C49148693D4C13BFB7B2E6 /* inftrees.h */,
				15E6DE5852A8481883D3CB03 /* trees.h */,
				FC8D095746C1451BB8DA808A /* zconf.h */,
				2278AC7A876F4094A024D7A6 /* zlib.h */,
				EC0FF9707A934E1CA53B4F5E /* zutil.h */,
				1FBB8065FBFD448D998D9301 /* Base64.h */,
				C5241C775B5A449C9F7BA9A2 /* UNIHTTPClientHelper.h */,
				728E4868237F4F3D92FDA3E2 /* UNIHTTPRequest.h */,
				FB9FA71B221E43968D736F96 /* UNIHTTPRequestWithBody.h */,
				341737D9623F46B0BFB024EB /* Unirest-Prefix.pch */,
				A7133341A2474DBA9E1CC986 /* UNIRest.h */,
				B435D69C8F474F7CACAA67DE /* UNIUrlConnection.h */,
				9B6F45A8CF344C8483517624 /* UNIBaseRequest.h */,
				9D4D03421C37412880312827 /* UNIBodyRequest.h */,
				84AEC707212E4BD9B2ECC8EC /* UNISimpleRequest.h */,
				46E78D6A66714207BC22B869 /* UNIHTTPBinaryResponse.h */,
				86E0C2B4828741369861B867 /* UNIHTTPJsonResponse.h */,
				C3DAFD27831F41DA9D47C777 /* UNIHTTPResponse.h */,
				DF9B3E90089B486B85E484EF /* UNIHTTPStringResponse.h */,
				DDF365F954AE4C13BE6D9F19 /* UNIJsonNode.h */,
				5C4891AC9B2A401AA17DA35D /* IonicCordovaCommon.h */,
				9F4E5B7E1C444B5EA1F3D1F3 /* SQLitePlugin.m */,
				49F0BB282609436385566702 /* PSPDFThreadSafeMutableDictionary.m */,
				0D49C3D390B14B40A7D2CBCB /* sqlite3.c */,
				F2FD4F624C464B84AD585367 /* SQLitePlugin.h */,
				DFC3F2E6F52C49EDAA1CC529 /* PSPDFThreadSafeMutableDictionary.h */,
				8C1C71958FD040E2854B4DA6 /* sqlite3.h */,
			);
			name = Plugins;
			path = "gosh/Plugins";
			sourceTree = SOURCE_ROOT;
		};
		EB87FDF11871DA420020F90C /* Staging */ = {
			isa = PBXGroup;
			children = (
				F840E1F0165FE0F500CFE078 /* config.xml */,
				301BF56E109A69640062928A /* www */,
			);
			name = Staging;
			sourceTree = "<group>";
		};
/* End PBXGroup section */

/* Begin PBXNativeTarget section */
		1D6058900D05DD3D006BFB54 /* gosh */ = {
			isa = PBXNativeTarget;
			buildConfigurationList = 1D6058960D05DD3E006BFB54 /* Build configuration list for PBXNativeTarget "gosh" */;
			buildPhases = (
				304B58A110DAC018002A0835 /* Copy www directory */,
				1D60588D0D05DD3D006BFB54 /* Resources */,
				1D60588E0D05DD3D006BFB54 /* Sources */,
				1D60588F0D05DD3D006BFB54 /* Frameworks */,
			);
			buildRules = (
			);
			dependencies = (
				301BF551109A68C00062928A /* PBXTargetDependency */,
			);
			name = "gosh";
			productName = "gosh";
			productReference = 1D6058910D05DD3D006BFB54 /* gosh.app */;
			productType = "com.apple.product-type.application";
		};
/* End PBXNativeTarget section */

/* Begin PBXProject section */
		29B97313FDCFA39411CA2CEA /* Project object */ = {
			isa = PBXProject;
			attributes = {
				LastUpgradeCheck = 510;
			};
			buildConfigurationList = C01FCF4E08A954540054247B /* Build configuration list for PBXProject "__NON-CLI__" */;
			compatibilityVersion = "Xcode 3.2";
			developmentRegion = English;
			hasScannedForEncodings = 1;
			mainGroup = 29B97314FDCFA39411CA2CEA /* CustomTemplate */;
			projectDirPath = "";
			projectReferences = (
				{
					ProductGroup = 301BF52E109A57CC0062928A /* Products */;
					ProjectRef = 301BF52D109A57CC0062928A /* CordovaLib.xcodeproj */;
				},
			);
			projectRoot = "";
			targets = (
				1D6058900D05DD3D006BFB54 /* gosh */,
			);
		};
/* End PBXProject section */

/* Begin PBXReferenceProxy section */
		301BF535109A57CC0062928A /* libCordova.a */ = {
			isa = PBXReferenceProxy;
			fileType = archive.ar;
			path = libCordova.a;
			remoteRef = 301BF534109A57CC0062928A /* PBXContainerItemProxy */;
			sourceTree = BUILT_PRODUCTS_DIR;
		};
/* End PBXReferenceProxy section */

/* Begin PBXResourcesBuildPhase section */
		1D60588D0D05DD3D006BFB54 /* Resources */ = {
			isa = PBXResourcesBuildPhase;
			buildActionMask = 2147483647;
			files = (
				302D95F214D2391D003F00A1 /* MainViewController.xib in Resources */,
				0207DA581B56EA530066E2B4 /* Images.xcassets in Resources */,
				6AFF5BF91D6E424B00AB3073 /* CDVLaunchScreen.storyboard in Resources */,
			);
			runOnlyForDeploymentPostprocessing = 0;
		};
/* End PBXResourcesBuildPhase section */

/* Begin PBXShellScriptBuildPhase section */
		304B58A110DAC018002A0835 /* Copy www directory */ = {
			isa = PBXShellScriptBuildPhase;
			buildActionMask = 2147483647;
			files = (
			);
			inputPaths = (
			);
			name = "Copy www directory";
			outputPaths = (
			);
			runOnlyForDeploymentPostprocessing = 0;
			shellPath = /bin/sh;
			shellScript = "NODEJS_PATH=/usr/local/bin; NVM_NODE_PATH=~/.nvm/versions/node/`nvm version 2>/dev/null`/bin; N_NODE_PATH=`find /usr/local/n/versions/node/* -maxdepth 0 -type d 2>/dev/null | tail -1`/bin; XCODE_NODE_PATH=`xcode-select --print-path`/usr/share/xcs/Node/bin; PATH=$NODEJS_PATH:$NVM_NODE_PATH:$N_NODE_PATH:$XCODE_NODE_PATH:$PATH && node cordova/lib/copy-www-build-step.js";
			showEnvVarsInLog = 0;
		};
/* End PBXShellScriptBuildPhase section */

/* Begin PBXSourcesBuildPhase section */
		1D60588E0D05DD3D006BFB54 /* Sources */ = {
			isa = PBXSourcesBuildPhase;
			buildActionMask = 2147483647;
			files = (
				1D60589B0D05DD56006BFB54 /* main.m in Sources */,
				1D3623260D0F684500981E51 /* AppDelegate.m in Sources */,
				302D95F114D2391D003F00A1 /* MainViewController.m in Sources */,
				7F06B9921E9C4380860C0FC4 /* AppCenterShared.m in Sources */,
				D2E7BCAF7C9048E7A802E55D /* AppCenterSharedPlugin.m in Sources */,
				2092E98C5E6949CC9518DC36 /* AppCenterAnalyticsPlugin.m in Sources */,
				60803CAAC263442A9F2267FE /* AppCenterCrashesPlugin.m in Sources */,
				26042C0F754C4CE9BE4093C7 /* CordovaCrashesDelegate.m in Sources */,
				D3429346EDB54A7891A7D033 /* CrashesUtils.m in Sources */,
				CFDAF41D21A94B3D8C2CCB0A /* APPEmailComposer.m in Sources */,
				A4BC7405F2FD4E1C8669111B /* APPEmailComposerImpl.m in Sources */,
				6B15F319549E48178324D51A /* CDVSplashScreen.m in Sources */,
				AD022A765CF24480A060D531 /* CDVViewController+SplashScreen.m in Sources */,
				85F8471C7AAE4292B1087385 /* CDVSplashScreen+IonicDeploy.m in Sources */,
				C27286BEFBA949F9AE57CCAD /* IonicConstant.m in Sources */,
				AEF20F1EFFCC410B8A4F76B6 /* IonicDeploy.m in Sources */,
				477EC21420E24B8282A535F0 /* Download.m in Sources */,
				6C30835F0CD14753AEC48657 /* DownloadManager.m in Sources */,
				09F393296ADF4096A4E7E447 /* SSZipArchive.m in Sources */,
				24E664FA14364223AE662220 /* ioapi.c in Resources */,
				0DC06AF702BD4B04BCF9653B /* unzip.c in Resources */,
				2534F54955094837BF799A6D /* zip.c in Resources */,
				B8B841E76DC4470CAB1A591B /* adler32.c in Resources */,
				366DE9B3F1064661AFFA655F /* compress.c in Resources */,
				D470CB2C379443318A76086F /* crc32.c in Resources */,
				1420EA17610D429BAD1B98A9 /* deflate.c in Resources */,
				E0D2A1DD004046D6BCCF5A76 /* gzclose.c in Resources */,
				7CAEFCCF979F45DA9DA4F346 /* gzlib.c in Resources */,
				AF5FD5EEAC2349B695927A93 /* gzread.c in Resources */,
				1B4E72BD08DF492698670467 /* gzwrite.c in Resources */,
				DA0690B1EA694E98B063A59B /* infback.c in Resources */,
				FBC114C90E7545D9A9107B9C /* inffast.c in Resources */,
				1A5BFA902A264FFD91E75D53 /* inflate.c in Resources */,
				B52E4705AFEB4D8D8FAD8F2E /* inftrees.c in Resources */,
				4F0D89A9744D4339AA7568C5 /* trees.c in Resources */,
				68977EE92B994C1C8ACC7165 /* uncompr.c in Resources */,
				D118CE6AC6AD45FCA6689E18 /* zutil.c in Resources */,
				07F87AC34EDD483AB1C2D369 /* Base64.m in Sources */,
				E2FF19B227504FC3BE12E330 /* UNIHTTPClientHelper.m in Sources */,
				782F886B939C47C99034081B /* UNIHTTPRequest.m in Sources */,
				7CCD761F47E5418891F40440 /* UNIHTTPRequestWithBody.m in Sources */,
				0D0D93122FAA4D7F89104A80 /* UNIRest.m in Sources */,
				270774F447F84ED4BE6E9896 /* UNIUrlConnection.m in Sources */,
				0305D3AEAD83492FA2DA66BF /* UNIBaseRequest.m in Sources */,
				260E0603E5AB47068FC1F130 /* UNIBodyRequest.m in Sources */,
				F569AF136AE2430EBAC3F2E8 /* UNISimpleRequest.m in Sources */,
				5F4F72866CBA4A7DB18772B2 /* UNIHTTPBinaryResponse.m in Sources */,
				765F58DD6A2D433DBB38F811 /* UNIHTTPJsonResponse.m in Sources */,
				7DF0BB75431041BBA690F862 /* UNIHTTPResponse.m in Sources */,
				EB1FE758B5DC465283FB5461 /* UNIHTTPStringResponse.m in Sources */,
				F98B3AF90DB7441AB3CD893C /* UNIJsonNode.m in Sources */,
				999FF98D70FC400297D2BA54 /* IonicCordovaCommon.m in Sources */,
				5A34926DEFF74617B705C99E /* SQLitePlugin.m in Sources */,
				9CC8BC5F27914E28890B7CDC /* PSPDFThreadSafeMutableDictionary.m in Sources */,
				CA50091D31784C9088016F3E /* sqlite3.c in Resources */,
			);
			runOnlyForDeploymentPostprocessing = 0;
		};
/* End PBXSourcesBuildPhase section */

/* Begin PBXTargetDependency section */
		301BF551109A68C00062928A /* PBXTargetDependency */ = {
			isa = PBXTargetDependency;
			name = CordovaLib;
			targetProxy = 301BF550109A68C00062928A /* PBXContainerItemProxy */;
		};
/* End PBXTargetDependency section */

/* Begin XCBuildConfiguration section */
		1D6058940D05DD3E006BFB54 /* Debug */ = {
			isa = XCBuildConfiguration;
			baseConfigurationReference = 3047A50F1AB8059700498E2A /* build-debug.xcconfig */;
			buildSettings = {
				ALWAYS_SEARCH_USER_PATHS = NO;
				ASSETCATALOG_COMPILER_APPICON_NAME = AppIcon;
				ASSETCATALOG_COMPILER_LAUNCHIMAGE_NAME = LaunchImage;
				CLANG_ENABLE_MODULES = YES;
				CLANG_ENABLE_OBJC_ARC = YES;
				COPY_PHASE_STRIP = NO;
				GCC_DYNAMIC_NO_PIC = NO;
				GCC_OPTIMIZATION_LEVEL = 0;
				GCC_PRECOMPILE_PREFIX_HEADER = YES;
				GCC_PREFIX_HEADER = "gosh/gosh-Prefix.pch";
				GCC_THUMB_SUPPORT = NO;
				GCC_VERSION = "";
				INFOPLIST_FILE = "gosh/gosh-Info.plist";
				IPHONEOS_DEPLOYMENT_TARGET = 9.0;
				LD_RUNPATH_SEARCH_PATHS = "@executable_path/Frameworks";
				TARGETED_DEVICE_FAMILY = "1,2";
				PRODUCT_NAME = "gosh";
			};
			name = Debug;
		};
		1D6058950D05DD3E006BFB54 /* Release */ = {
			isa = XCBuildConfiguration;
			baseConfigurationReference = 3047A5101AB8059700498E2A /* build-release.xcconfig */;
			buildSettings = {
				ALWAYS_SEARCH_USER_PATHS = NO;
				ASSETCATALOG_COMPILER_APPICON_NAME = AppIcon;
				ASSETCATALOG_COMPILER_LAUNCHIMAGE_NAME = LaunchImage;
				CLANG_ENABLE_MODULES = YES;
				CLANG_ENABLE_OBJC_ARC = YES;
				COPY_PHASE_STRIP = YES;
				GCC_PRECOMPILE_PREFIX_HEADER = YES;
				GCC_PREFIX_HEADER = "gosh/gosh-Prefix.pch";
				GCC_THUMB_SUPPORT = NO;
				GCC_VERSION = "";
				INFOPLIST_FILE = "gosh/gosh-Info.plist";
				IPHONEOS_DEPLOYMENT_TARGET = 9.0;
				LD_RUNPATH_SEARCH_PATHS = "@executable_path/Frameworks";
				TARGETED_DEVICE_FAMILY = "1,2";
				PRODUCT_NAME = "gosh";
			};
			name = Release;
		};
		C01FCF4F08A954540054247B /* Debug */ = {
			isa = XCBuildConfiguration;
			baseConfigurationReference = 3047A5111AB8059700498E2A /* build.xcconfig */;
			buildSettings = {
				CLANG_ENABLE_MODULES = YES;
				CLANG_ENABLE_OBJC_ARC = YES;
				CLANG_WARN_BOOL_CONVERSION = YES;
				CLANG_WARN_CONSTANT_CONVERSION = YES;
				CLANG_WARN_EMPTY_BODY = YES;
				CLANG_WARN_ENUM_CONVERSION = YES;
				CLANG_WARN_INT_CONVERSION = YES;
				CLANG_WARN__DUPLICATE_METHOD_MATCH = YES;
				GCC_C_LANGUAGE_STANDARD = c99;
				GCC_THUMB_SUPPORT = NO;
				GCC_VERSION = "";
				GCC_WARN_ABOUT_RETURN_TYPE = YES;
				GCC_WARN_UNDECLARED_SELECTOR = YES;
				GCC_WARN_UNINITIALIZED_AUTOS = YES;
				GCC_WARN_UNUSED_FUNCTION = YES;
				GCC_WARN_UNUSED_VARIABLE = YES;
				ONLY_ACTIVE_ARCH = YES;
				SDKROOT = iphoneos;
				SKIP_INSTALL = NO;
			};
			name = Debug;
		};
		C01FCF5008A954540054247B /* Release */ = {
			isa = XCBuildConfiguration;
			baseConfigurationReference = 3047A5111AB8059700498E2A /* build.xcconfig */;
			buildSettings = {
				CLANG_ENABLE_MODULES = YES;
				CLANG_ENABLE_OBJC_ARC = YES;
				CLANG_WARN_BOOL_CONVERSION = YES;
				CLANG_WARN_CONSTANT_CONVERSION = YES;
				CLANG_WARN_EMPTY_BODY = YES;
				CLANG_WARN_ENUM_CONVERSION = YES;
				CLANG_WARN_INT_CONVERSION = YES;
				CLANG_WARN__DUPLICATE_METHOD_MATCH = YES;
				GCC_C_LANGUAGE_STANDARD = c99;
				GCC_THUMB_SUPPORT = NO;
				GCC_VERSION = "";
				GCC_WARN_ABOUT_RETURN_TYPE = YES;
				GCC_WARN_UNDECLARED_SELECTOR = YES;
				GCC_WARN_UNINITIALIZED_AUTOS = YES;
				GCC_WARN_UNUSED_FUNCTION = YES;
				GCC_WARN_UNUSED_VARIABLE = YES;
				SDKROOT = iphoneos;
				SKIP_INSTALL = NO;
			};
			name = Release;
		};
/* End XCBuildConfiguration section */

/* Begin XCConfigurationList section */
		1D6058960D05DD3E006BFB54 /* Build configuration list for PBXNativeTarget "gosh" */ = {
			isa = XCConfigurationList;
			buildConfigurations = (
				1D6058940D05DD3E006BFB54 /* Debug */,
				1D6058950D05DD3E006BFB54 /* Release */,
			);
			defaultConfigurationIsVisible = 0;
			defaultConfigurationName = Release;
		};
		C01FCF4E08A954540054247B /* Build configuration list for PBXProject "__NON-CLI__" */ = {
			isa = XCConfigurationList;
			buildConfigurations = (
				C01FCF4F08A954540054247B /* Debug */,
				C01FCF5008A954540054247B /* Release */,
			);
			defaultConfigurationIsVisible = 0;
			defaultConfigurationName = Release;
		};
/* End XCConfigurationList section */
	};
	rootObject = 29B97313FDCFA39411CA2CEA /* Project object */;
}
